
Microsoft Visual Studio Solution File, Format Version 12.00
# Visual Studio Version 17
VisualStudioVersion = 17.9.34723.18
MinimumVisualStudioVersion = 10.0.40219.1
Project("{FAE04EC0-301F-11D3-BF4B-00C04F79EFBC}") = "clock", "clock.csproj", "{0616EDCA-5F0F-48BB-ABFF-E487F7CD7C19}"
EndProject
Global
	GlobalSection(SolutionConfigurationPlatforms) = preSolution
		Debug|Any CPU = Debug|Any CPU
		Release|Any CPU = Release|Any CPU
	EndGlobalSection
	GlobalSection(ProjectConfigurationPlatforms) = postSolution
		{0616EDCA-5F0F-48BB-ABFF-E487F7CD7C19}.Debug|Any CPU.ActiveCfg = Debug|Any CPU
		{0616EDCA-5F0F-48BB-ABFF-E487F7CD7C19}.Debug|Any CPU.Build.0 = Debug|Any CPU
		{0616EDCA-5F0F-48BB-ABFF-E487F7CD7C19}.Debug|Any CPU.Deploy.0 = Debug|Any CPU
		{0616EDCA-5F0F-48BB-ABFF-E487F7CD7C19}.Release|Any CPU.ActiveCfg = Release|Any CPU
		{0616EDCA-5F0F-48BB-ABFF-E487F7CD7C19}.Release|Any CPU.Build.0 = Release|Any CPU
		{0616EDCA-5F0F-48BB-ABFF-E487F7CD7C19}.Release|Any CPU.Deploy.0 = Release|Any CPU
	EndGlobalSection
	GlobalSection(SolutionProperties) = preSolution
		HideSolutionNode = FALSE
	EndGlobalSection
	GlobalSection(ExtensibilityGlobals) = postSolution
		SolutionGuid = {951D6B44-5DD1-4634-8264-1EC6A5B53613}
	EndGlobalSection
EndGlobal
